
Microsoft Visual Studio Solution File, Format Version 12.00
# Visual Studio Version 16
VisualStudioVersion = 16.0.34931.43
MinimumVisualStudioVersion = 10.0.40219.1
Project("{FAE04EC0-301F-11D3-BF4B-00C04F79EFBC}") = "ConsoleApp1", "ConsoleApp1.csproj", "{FA0CBDEE-03F5-4CFA-B5D7-E81CE59BFD11}"
EndProject
Global
	GlobalSection(SolutionConfigurationPlatforms) = preSolution
		Debug|Any CPU = Debug|Any CPU
		Release|Any CPU = Release|Any CPU
	EndGlobalSection
	GlobalSection(ProjectConfigurationPlatforms) = postSolution
		{FA0CBDEE-03F5-4CFA-B5D7-E81CE59BFD11}.Debug|Any CPU.ActiveCfg = Debug|Any CPU
		{FA0CBDEE-03F5-4CFA-B5D7-E81CE59BFD11}.Debug|Any CPU.Build.0 = Debug|Any CPU
		{FA0CBDEE-03F5-4CFA-B5D7-E81CE59BFD11}.Release|Any CPU.ActiveCfg = Release|Any CPU
		{FA0CBDEE-03F5-4CFA-B5D7-E81CE59BFD11}.Release|Any CPU.Build.0 = Release|Any CPU
	EndGlobalSection
	GlobalSection(SolutionProperties) = preSolution
		HideSolutionNode = FALSE
	EndGlobalSection
	GlobalSection(ExtensibilityGlobals) = postSolution
		SolutionGuid = {787EFB79-7DDA-406D-8D35-0E2491AA6311}
	EndGlobalSection
EndGlobal
